// !$*UTF8*$!
{
	archiveVersion = 1;
	classes = {
	};
	objectVersion = 52;
	objects = {

/* Begin PBXBuildFile section */
		A45CBF41C9081B7B5AC384EF /* Pods_RockDevApp.framework in Frameworks */ = {isa = PBXBuildFile; fileRef = 27E7AA733775CB1EE45B7FA2 /* Pods_RockDevApp.framework */; };
		DB225036243C089A00806310 /* DataModel.xcdatamodeld in Sources */ = {isa = PBXBuildFile; fileRef = DB225034243C089A00806310 /* DataModel.xcdatamodeld */; };
		DB225038243C08FC00806310 /* DataBaseHelper.swift in Sources */ = {isa = PBXBuildFile; fileRef = DB225037243C08FC00806310 /* DataBaseHelper.swift */; };
		DB22503A243C1D8400806310 /* logUserImageViewController.swift in Sources */ = {isa = PBXBuildFile; fileRef = DB225039243C1D8400806310 /* logUserImageViewController.swift */; };
		DB26364B2437D24000656476 /* LoginViewController.swift in Sources */ = {isa = PBXBuildFile; fileRef = DB26364A2437D24000656476 /* LoginViewController.swift */; };
		DB26364D2437D28B00656476 /* SingUpViewController.swift in Sources */ = {isa = PBXBuildFile; fileRef = DB26364C2437D28B00656476 /* SingUpViewController.swift */; };
		DB66997924391BD70008415E /* UserTableViewCell.swift in Sources */ = {isa = PBXBuildFile; fileRef = DB66997824391BD70008415E /* UserTableViewCell.swift */; };
		DB66997B24391BFC0008415E /* ProfileViewController.swift in Sources */ = {isa = PBXBuildFile; fileRef = DB66997A24391BFC0008415E /* ProfileViewController.swift */; };
		DB6EE11A2437B51000E260D4 /* AppDelegate.swift in Sources */ = {isa = PBXBuildFile; fileRef = DB6EE1192437B51000E260D4 /* AppDelegate.swift */; };
		DB6EE11C2437B51000E260D4 /* SceneDelegate.swift in Sources */ = {isa = PBXBuildFile; fileRef = DB6EE11B2437B51000E260D4 /* SceneDelegate.swift */; };
		DB6EE11E2437B51000E260D4 /* ViewController.swift in Sources */ = {isa = PBXBuildFile; fileRef = DB6EE11D2437B51000E260D4 /* ViewController.swift */; };
		DB6EE1212437B51000E260D4 /* Main.storyboard in Resources */ = {isa = PBXBuildFile; fileRef = DB6EE11F2437B51000E260D4 /* Main.storyboard */; };
		DB6EE1232437B51600E260D4 /* Assets.xcassets in Resources */ = {isa = PBXBuildFile; fileRef = DB6EE1222437B51600E260D4 /* Assets.xcassets */; };
		DB6EE1262437B51600E260D4 /* LaunchScreen.storyboard in Resources */ = {isa = PBXBuildFile; fileRef = DB6EE1242437B51600E260D4 /* LaunchScreen.storyboard */; };
		DB6EE1312437B51600E260D4 /* RockDevAppTests.swift in Sources */ = {isa = PBXBuildFile; fileRef = DB6EE1302437B51600E260D4 /* RockDevAppTests.swift */; };
		DB6EE13C2437B51600E260D4 /* RockDevAppUITests.swift in Sources */ = {isa = PBXBuildFile; fileRef = DB6EE13B2437B51600E260D4 /* RockDevAppUITests.swift */; };
		DB6EE14B2437B6CF00E260D4 /* Alamofire in Frameworks */ = {isa = PBXBuildFile; productRef = DB6EE14A2437B6CF00E260D4 /* Alamofire */; };
		DBBA1326243908F300835897 /* Styles.swift in Sources */ = {isa = PBXBuildFile; fileRef = DBBA1325243908F300835897 /* Styles.swift */; };
		DBBA13282439091300835897 /* Colors.swift in Sources */ = {isa = PBXBuildFile; fileRef = DBBA13272439091300835897 /* Colors.swift */; };
		DBBA132A24390CB200835897 /* KeyBoardDissmis.swift in Sources */ = {isa = PBXBuildFile; fileRef = DBBA132924390CB200835897 /* KeyBoardDissmis.swift */; };
		DBBA132C24390DC700835897 /* ValidateFuncions.swift in Sources */ = {isa = PBXBuildFile; fileRef = DBBA132B24390DC700835897 /* ValidateFuncions.swift */; };
		DBBA132E2439119200835897 /* PublicFunctions.swift in Sources */ = {isa = PBXBuildFile; fileRef = DBBA132D2439119200835897 /* PublicFunctions.swift */; };
		DBBA1330243912B000835897 /* Home.storyboard in Resources */ = {isa = PBXBuildFile; fileRef = DBBA132F243912B000835897 /* Home.storyboard */; };
		DBBA1333243912FE00835897 /* HomeViewController.swift in Sources */ = {isa = PBXBuildFile; fileRef = DBBA1332243912FE00835897 /* HomeViewController.swift */; };
		DBBA1336243913FB00835897 /* RegisterModel.swift in Sources */ = {isa = PBXBuildFile; fileRef = DBBA1335243913FB00835897 /* RegisterModel.swift */; };
		DBBA13382439141600835897 /* ErrorModel.swift in Sources */ = {isa = PBXBuildFile; fileRef = DBBA13372439141600835897 /* ErrorModel.swift */; };
		DBBA133C2439155400835897 /* UsersModel.swift in Sources */ = {isa = PBXBuildFile; fileRef = DBBA133B2439155400835897 /* UsersModel.swift */; };
		DBBA133E2439156C00835897 /* SingleUsrModel.swift in Sources */ = {isa = PBXBuildFile; fileRef = DBBA133D2439156C00835897 /* SingleUsrModel.swift */; };
		DBBA134024391A1000835897 /* SlideInTransition.swift in Sources */ = {isa = PBXBuildFile; fileRef = DBBA133F24391A1000835897 /* SlideInTransition.swift */; };
		DBBA134224391A5000835897 /* MenuViewController.swift in Sources */ = {isa = PBXBuildFile; fileRef = DBBA134124391A5000835897 /* MenuViewController.swift */; };
		DBBF9DD924395D4A00CA14B5 /* MapViewController.swift in Sources */ = {isa = PBXBuildFile; fileRef = DBBF9DD824395D4A00CA14B5 /* MapViewController.swift */; };
		DBBF9DDD24399B4700CA14B5 /* MapKit.framework in Frameworks */ = {isa = PBXBuildFile; fileRef = DBBF9DDB24399B4100CA14B5 /* MapKit.framework */; };
		DBE3014F244AB94900EA889A /* ChartsViewController.swift in Sources */ = {isa = PBXBuildFile; fileRef = DBE3014E244AB94900EA889A /* ChartsViewController.swift */; };
		DBF314232446C55000EECDF8 /* WaterMarkViewController.swift in Sources */ = {isa = PBXBuildFile; fileRef = DBF314222446C55000EECDF8 /* WaterMarkViewController.swift */; };
/* End PBXBuildFile section */

/* Begin PBXContainerItemProxy section */
		DB6EE12D2437B51600E260D4 /* PBXContainerItemProxy */ = {
			isa = PBXContainerItemProxy;
			containerPortal = DB6EE10E2437B51000E260D4 /* Project object */;
			proxyType = 1;
			remoteGlobalIDString = DB6EE1152437B51000E260D4;
			remoteInfo = RockDevApp;
		};
		DB6EE1382437B51600E260D4 /* PBXContainerItemProxy */ = {
			isa = PBXContainerItemProxy;
			containerPortal = DB6EE10E2437B51000E260D4 /* Project object */;
			proxyType = 1;
			remoteGlobalIDString = DB6EE1152437B51000E260D4;
			remoteInfo = RockDevApp;
		};
/* End PBXContainerItemProxy section */

/* Begin PBXFileReference section */
		27E7AA733775CB1EE45B7FA2 /* Pods_RockDevApp.framework */ = {isa = PBXFileReference; explicitFileType = wrapper.framework; includeInIndex = 0; path = Pods_RockDevApp.framework; sourceTree = BUILT_PRODUCTS_DIR; };
		B6018A6FF0019EB09D7846C7 /* Pods-RockDevApp.release.xcconfig */ = {isa = PBXFileReference; includeInIndex = 1; lastKnownFileType = text.xcconfig; name = "Pods-RockDevApp.release.xcconfig"; path = "Target Support Files/Pods-RockDevApp/Pods-RockDevApp.release.xcconfig"; sourceTree = "<group>"; };
		BA4B41204E8D75CDF18BE2E1 /* Pods-RockDevApp.debug.xcconfig */ = {isa = PBXFileReference; includeInIndex = 1; lastKnownFileType = text.xcconfig; name = "Pods-RockDevApp.debug.xcconfig"; path = "Target Support Files/Pods-RockDevApp/Pods-RockDevApp.debug.xcconfig"; sourceTree = "<group>"; };
		DB225035243C089A00806310 /* DataModel.xcdatamodel */ = {isa = PBXFileReference; lastKnownFileType = wrapper.xcdatamodel; path = DataModel.xcdatamodel; sourceTree = "<group>"; };
		DB225037243C08FC00806310 /* DataBaseHelper.swift */ = {isa = PBXFileReference; lastKnownFileType = sourcecode.swift; path = DataBaseHelper.swift; sourceTree = "<group>"; };
		DB225039243C1D8400806310 /* logUserImageViewController.swift */ = {isa = PBXFileReference; lastKnownFileType = sourcecode.swift; path = logUserImageViewController.swift; sourceTree = "<group>"; };
		DB26364A2437D24000656476 /* LoginViewController.swift */ = {isa = PBXFileReference; lastKnownFileType = sourcecode.swift; path = LoginViewController.swift; sourceTree = "<group>"; };
		DB26364C2437D28B00656476 /* SingUpViewController.swift */ = {isa = PBXFileReference; lastKnownFileType = sourcecode.swift; path = SingUpViewController.swift; sourceTree = "<group>"; };
		DB66997824391BD70008415E /* UserTableViewCell.swift */ = {isa = PBXFileReference; lastKnownFileType = sourcecode.swift; path = UserTableViewCell.swift; sourceTree = "<group>"; };
		DB66997A24391BFC0008415E /* ProfileViewController.swift */ = {isa = PBXFileReference; lastKnownFileType = sourcecode.swift; path = ProfileViewController.swift; sourceTree = "<group>"; };
		DB6EE1162437B51000E260D4 /* RockDevApp.app */ = {isa = PBXFileReference; explicitFileType = wrapper.application; includeInIndex = 0; path = RockDevApp.app; sourceTree = BUILT_PRODUCTS_DIR; };
		DB6EE1192437B51000E260D4 /* AppDelegate.swift */ = {isa = PBXFileReference; lastKnownFileType = sourcecode.swift; path = AppDelegate.swift; sourceTree = "<group>"; };
		DB6EE11B2437B51000E260D4 /* SceneDelegate.swift */ = {isa = PBXFileReference; lastKnownFileType = sourcecode.swift; path = SceneDelegate.swift; sourceTree = "<group>"; };
		DB6EE11D2437B51000E260D4 /* ViewController.swift */ = {isa = PBXFileReference; lastKnownFileType = sourcecode.swift; path = ViewController.swift; sourceTree = "<group>"; };
		DB6EE1202437B51000E260D4 /* Base */ = {isa = PBXFileReference; lastKnownFileType = file.storyboard; name = Base; path = Base.lproj/Main.storyboard; sourceTree = "<group>"; };
		DB6EE1222437B51600E260D4 /* Assets.xcassets */ = {isa = PBXFileReference; lastKnownFileType = folder.assetcatalog; path = Assets.xcassets; sourceTree = "<group>"; };
		DB6EE1252437B51600E260D4 /* Base */ = {isa = PBXFileReference; lastKnownFileType = file.storyboard; name = Base; path = Base.lproj/LaunchScreen.storyboard; sourceTree = "<group>"; };
		DB6EE1272437B51600E260D4 /* Info.plist */ = {isa = PBXFileReference; lastKnownFileType = text.plist.xml; path = Info.plist; sourceTree = "<group>"; };
		DB6EE12C2437B51600E260D4 /* RockDevAppTests.xctest */ = {isa = PBXFileReference; explicitFileType = wrapper.cfbundle; includeInIndex = 0; path = RockDevAppTests.xctest; sourceTree = BUILT_PRODUCTS_DIR; };
		DB6EE1302437B51600E260D4 /* RockDevAppTests.swift */ = {isa = PBXFileReference; lastKnownFileType = sourcecode.swift; path = RockDevAppTests.swift; sourceTree = "<group>"; };
		DB6EE1322437B51600E260D4 /* Info.plist */ = {isa = PBXFileReference; lastKnownFileType = text.plist.xml; path = Info.plist; sourceTree = "<group>"; };
		DB6EE1372437B51600E260D4 /* RockDevAppUITests.xctest */ = {isa = PBXFileReference; explicitFileType = wrapper.cfbundle; includeInIndex = 0; path = RockDevAppUITests.xctest; sourceTree = BUILT_PRODUCTS_DIR; };
		DB6EE13B2437B51600E260D4 /* RockDevAppUITests.swift */ = {isa = PBXFileReference; lastKnownFileType = sourcecode.swift; path = RockDevAppUITests.swift; sourceTree = "<group>"; };
		DB6EE13D2437B51600E260D4 /* Info.plist */ = {isa = PBXFileReference; lastKnownFileType = text.plist.xml; path = Info.plist; sourceTree = "<group>"; };
		DBBA1325243908F300835897 /* Styles.swift */ = {isa = PBXFileReference; lastKnownFileType = sourcecode.swift; path = Styles.swift; sourceTree = "<group>"; };
		DBBA13272439091300835897 /* Colors.swift */ = {isa = PBXFileReference; lastKnownFileType = sourcecode.swift; path = Colors.swift; sourceTree = "<group>"; };
		DBBA132924390CB200835897 /* KeyBoardDissmis.swift */ = {isa = PBXFileReference; lastKnownFileType = sourcecode.swift; path = KeyBoardDissmis.swift; sourceTree = "<group>"; };
		DBBA132B24390DC700835897 /* ValidateFuncions.swift */ = {isa = PBXFileReference; lastKnownFileType = sourcecode.swift; path = ValidateFuncions.swift; sourceTree = "<group>"; };
		DBBA132D2439119200835897 /* PublicFunctions.swift */ = {isa = PBXFileReference; lastKnownFileType = sourcecode.swift; path = PublicFunctions.swift; sourceTree = "<group>"; };
		DBBA132F243912B000835897 /* Home.storyboard */ = {isa = PBXFileReference; lastKnownFileType = file.storyboard; path = Home.storyboard; sourceTree = "<group>"; };
		DBBA1332243912FE00835897 /* HomeViewController.swift */ = {isa = PBXFileReference; lastKnownFileType = sourcecode.swift; path = HomeViewController.swift; sourceTree = "<group>"; };
		DBBA1335243913FB00835897 /* RegisterModel.swift */ = {isa = PBXFileReference; lastKnownFileType = sourcecode.swift; path = RegisterModel.swift; sourceTree = "<group>"; };
		DBBA13372439141600835897 /* ErrorModel.swift */ = {isa = PBXFileReference; lastKnownFileType = sourcecode.swift; path = ErrorModel.swift; sourceTree = "<group>"; };
		DBBA133B2439155400835897 /* UsersModel.swift */ = {isa = PBXFileReference; lastKnownFileType = sourcecode.swift; path = UsersModel.swift; sourceTree = "<group>"; };
		DBBA133D2439156C00835897 /* SingleUsrModel.swift */ = {isa = PBXFileReference; lastKnownFileType = sourcecode.swift; path = SingleUsrModel.swift; sourceTree = "<group>"; };
		DBBA133F24391A1000835897 /* SlideInTransition.swift */ = {isa = PBXFileReference; lastKnownFileType = sourcecode.swift; path = SlideInTransition.swift; sourceTree = "<group>"; };
		DBBA134124391A5000835897 /* MenuViewController.swift */ = {isa = PBXFileReference; lastKnownFileType = sourcecode.swift; path = MenuViewController.swift; sourceTree = "<group>"; };
		DBBF9DD824395D4A00CA14B5 /* MapViewController.swift */ = {isa = PBXFileReference; lastKnownFileType = sourcecode.swift; path = MapViewController.swift; sourceTree = "<group>"; };
		DBBF9DDB24399B4100CA14B5 /* MapKit.framework */ = {isa = PBXFileReference; lastKnownFileType = wrapper.framework; name = MapKit.framework; path = System/Library/Frameworks/MapKit.framework; sourceTree = SDKROOT; };
		DBE3014E244AB94900EA889A /* ChartsViewController.swift */ = {isa = PBXFileReference; lastKnownFileType = sourcecode.swift; path = ChartsViewController.swift; sourceTree = "<group>"; };
		DBF314222446C55000EECDF8 /* WaterMarkViewController.swift */ = {isa = PBXFileReference; lastKnownFileType = sourcecode.swift; path = WaterMarkViewController.swift; sourceTree = "<group>"; };
/* End PBXFileReference section */

/* Begin PBXFrameworksBuildPhase section */
		DB6EE1132437B51000E260D4 /* Frameworks */ = {
			isa = PBXFrameworksBuildPhase;
			buildActionMask = 2147483647;
			files = (
				DBBF9DDD24399B4700CA14B5 /* MapKit.framework in Frameworks */,
				DB6EE14B2437B6CF00E260D4 /* Alamofire in Frameworks */,
				A45CBF41C9081B7B5AC384EF /* Pods_RockDevApp.framework in Frameworks */,
			);
			runOnlyForDeploymentPostprocessing = 0;
		};
		DB6EE1292437B51600E260D4 /* Frameworks */ = {
			isa = PBXFrameworksBuildPhase;
			buildActionMask = 2147483647;
			files = (
			);
			runOnlyForDeploymentPostprocessing = 0;
		};
		DB6EE1342437B51600E260D4 /* Frameworks */ = {
			isa = PBXFrameworksBuildPhase;
			buildActionMask = 2147483647;
			files = (
			);
			runOnlyForDeploymentPostprocessing = 0;
		};
/* End PBXFrameworksBuildPhase section */

/* Begin PBXGroup section */
		C913BFD3451318A0B37A3DF4 /* Pods */ = {
			isa = PBXGroup;
			children = (
				BA4B41204E8D75CDF18BE2E1 /* Pods-RockDevApp.debug.xcconfig */,
				B6018A6FF0019EB09D7846C7 /* Pods-RockDevApp.release.xcconfig */,
			);
			path = Pods;
			sourceTree = "<group>";
		};
		DB2636442437D14E00656476 /* Controllers */ = {
			isa = PBXGroup;
			children = (
				DBBA1331243912D700835897 /* HomeControllers */,
				DB2636452437D16500656476 /* MainControllers */,
			);
			path = Controllers;
			sourceTree = "<group>";
		};
		DB2636452437D16500656476 /* MainControllers */ = {
			isa = PBXGroup;
			children = (
				DB6EE11D2437B51000E260D4 /* ViewController.swift */,
				DB26364A2437D24000656476 /* LoginViewController.swift */,
				DB26364C2437D28B00656476 /* SingUpViewController.swift */,
			);
			path = MainControllers;
			sourceTree = "<group>";
		};
		DB26364E2437D5BA00656476 /* Helpers */ = {
			isa = PBXGroup;
			children = (
				DBBA1325243908F300835897 /* Styles.swift */,
				DBBA13272439091300835897 /* Colors.swift */,
				DBBA132924390CB200835897 /* KeyBoardDissmis.swift */,
				DBBA132B24390DC700835897 /* ValidateFuncions.swift */,
				DBBA132D2439119200835897 /* PublicFunctions.swift */,
				DBBA133F24391A1000835897 /* SlideInTransition.swift */,
				DB225037243C08FC00806310 /* DataBaseHelper.swift */,
			);
			path = Helpers;
			sourceTree = "<group>";
		};
		DB6EE10D2437B51000E260D4 = {
			isa = PBXGroup;
			children = (
				DB6EE1182437B51000E260D4 /* RockDevApp */,
				DB6EE12F2437B51600E260D4 /* RockDevAppTests */,
				DB6EE13A2437B51600E260D4 /* RockDevAppUITests */,
				DB6EE1172437B51000E260D4 /* Products */,
				DBBF9DDA24399B4100CA14B5 /* Frameworks */,
				C913BFD3451318A0B37A3DF4 /* Pods */,
			);
			sourceTree = "<group>";
		};
		DB6EE1172437B51000E260D4 /* Products */ = {
			isa = PBXGroup;
			children = (
				DB6EE1162437B51000E260D4 /* RockDevApp.app */,
				DB6EE12C2437B51600E260D4 /* RockDevAppTests.xctest */,
				DB6EE1372437B51600E260D4 /* RockDevAppUITests.xctest */,
			);
			name = Products;
			sourceTree = "<group>";
		};
		DB6EE1182437B51000E260D4 /* RockDevApp */ = {
			isa = PBXGroup;
			children = (
				DBBA1334243913E300835897 /* Models */,
				DB2636442437D14E00656476 /* Controllers */,
				DB26364E2437D5BA00656476 /* Helpers */,
				DB6EE1192437B51000E260D4 /* AppDelegate.swift */,
				DB6EE11B2437B51000E260D4 /* SceneDelegate.swift */,
				DB6EE11F2437B51000E260D4 /* Main.storyboard */,
				DBBA132F243912B000835897 /* Home.storyboard */,
				DB6EE1222437B51600E260D4 /* Assets.xcassets */,
				DB6EE1242437B51600E260D4 /* LaunchScreen.storyboard */,
				DB6EE1272437B51600E260D4 /* Info.plist */,
				DB225034243C089A00806310 /* DataModel.xcdatamodeld */,
			);
			path = RockDevApp;
			sourceTree = "<group>";
		};
		DB6EE12F2437B51600E260D4 /* RockDevAppTests */ = {
			isa = PBXGroup;
			children = (
				DB6EE1302437B51600E260D4 /* RockDevAppTests.swift */,
				DB6EE1322437B51600E260D4 /* Info.plist */,
			);
			path = RockDevAppTests;
			sourceTree = "<group>";
		};
		DB6EE13A2437B51600E260D4 /* RockDevAppUITests */ = {
			isa = PBXGroup;
			children = (
				DB6EE13B2437B51600E260D4 /* RockDevAppUITests.swift */,
				DB6EE13D2437B51600E260D4 /* Info.plist */,
			);
			path = RockDevAppUITests;
			sourceTree = "<group>";
		};
		DBBA1331243912D700835897 /* HomeControllers */ = {
			isa = PBXGroup;
			children = (
				DBBA1332243912FE00835897 /* HomeViewController.swift */,
				DBBA134124391A5000835897 /* MenuViewController.swift */,
				DB66997824391BD70008415E /* UserTableViewCell.swift */,
				DB66997A24391BFC0008415E /* ProfileViewController.swift */,
				DBBF9DD824395D4A00CA14B5 /* MapViewController.swift */,
				DB225039243C1D8400806310 /* logUserImageViewController.swift */,
				DBF314222446C55000EECDF8 /* WaterMarkViewController.swift */,
				DBE3014E244AB94900EA889A /* ChartsViewController.swift */,
			);
			path = HomeControllers;
			sourceTree = "<group>";
		};
		DBBA1334243913E300835897 /* Models */ = {
			isa = PBXGroup;
			children = (
				DBBA1335243913FB00835897 /* RegisterModel.swift */,
				DBBA13372439141600835897 /* ErrorModel.swift */,
				DBBA133B2439155400835897 /* UsersModel.swift */,
				DBBA133D2439156C00835897 /* SingleUsrModel.swift */,
			);
			path = Models;
			sourceTree = "<group>";
		};
		DBBF9DDA24399B4100CA14B5 /* Frameworks */ = {
			isa = PBXGroup;
			children = (
				DBBF9DDB24399B4100CA14B5 /* MapKit.framework */,
				27E7AA733775CB1EE45B7FA2 /* Pods_RockDevApp.framework */,
			);
			name = Frameworks;
			sourceTree = "<group>";
		};
/* End PBXGroup section */

/* Begin PBXNativeTarget section */
		DB6EE1152437B51000E260D4 /* RockDevApp */ = {
			isa = PBXNativeTarget;
			buildConfigurationList = DB6EE1402437B51600E260D4 /* Build configuration list for PBXNativeTarget "RockDevApp" */;
			buildPhases = (
				7F9A191CE00435D2D3672F79 /* [CP] Check Pods Manifest.lock */,
				DB6EE1122437B51000E260D4 /* Sources */,
				DB6EE1132437B51000E260D4 /* Frameworks */,
				DB6EE1142437B51000E260D4 /* Resources */,
				87C24E791D2DA7DBA360B4E9 /* [CP] Embed Pods Frameworks */,
			);
			buildRules = (
			);
			dependencies = (
			);
			name = RockDevApp;
			packageProductDependencies = (
				DB6EE14A2437B6CF00E260D4 /* Alamofire */,
			);
			productName = RockDevApp;
			productReference = DB6EE1162437B51000E260D4 /* RockDevApp.app */;
			productType = "com.apple.product-type.application";
		};
		DB6EE12B2437B51600E260D4 /* RockDevAppTests */ = {
			isa = PBXNativeTarget;
			buildConfigurationList = DB6EE1432437B51600E260D4 /* Build configuration list for PBXNativeTarget "RockDevAppTests" */;
			buildPhases = (
				DB6EE1282437B51600E260D4 /* Sources */,
				DB6EE1292437B51600E260D4 /* Frameworks */,
				DB6EE12A2437B51600E260D4 /* Resources */,
			);
			buildRules = (
			);
			dependencies = (
				DB6EE12E2437B51600E260D4 /* PBXTargetDependency */,
			);
			name = RockDevAppTests;
			productName = RockDevAppTests;
			productReference = DB6EE12C2437B51600E260D4 /* RockDevAppTests.xctest */;
			productType = "com.apple.product-type.bundle.unit-test";
		};
		DB6EE1362437B51600E260D4 /* RockDevAppUITests */ = {
			isa = PBXNativeTarget;
			buildConfigurationList = DB6EE1462437B51600E260D4 /* Build configuration list for PBXNativeTarget "RockDevAppUITests" */;
			buildPhases = (
				DB6EE1332437B51600E260D4 /* Sources */,
				DB6EE1342437B51600E260D4 /* Frameworks */,
				DB6EE1352437B51600E260D4 /* Resources */,
			);
			buildRules = (
			);
			dependencies = (
				DB6EE1392437B51600E260D4 /* PBXTargetDependency */,
			);
			name = RockDevAppUITests;
			productName = RockDevAppUITests;
			productReference = DB6EE1372437B51600E260D4 /* RockDevAppUITests.xctest */;
			productType = "com.apple.product-type.bundle.ui-testing";
		};
/* End PBXNativeTarget section */

/* Begin PBXProject section */
		DB6EE10E2437B51000E260D4 /* Project object */ = {
			isa = PBXProject;
			attributes = {
				LastSwiftUpdateCheck = 1130;
				LastUpgradeCheck = 1130;
				ORGANIZATIONNAME = CesarVargas;
				TargetAttributes = {
					DB6EE1152437B51000E260D4 = {
						CreatedOnToolsVersion = 11.3;
					};
					DB6EE12B2437B51600E260D4 = {
						CreatedOnToolsVersion = 11.3;
						TestTargetID = DB6EE1152437B51000E260D4;
					};
					DB6EE1362437B51600E260D4 = {
						CreatedOnToolsVersion = 11.3;
						TestTargetID = DB6EE1152437B51000E260D4;
					};
				};
			};
			buildConfigurationList = DB6EE1112437B51000E260D4 /* Build configuration list for PBXProject "RockDevApp" */;
			compatibilityVersion = "Xcode 9.3";
			developmentRegion = en;
			hasScannedForEncodings = 0;
			knownRegions = (
				en,
				Base,
			);
			mainGroup = DB6EE10D2437B51000E260D4;
			packageReferences = (
				DB6EE1492437B6CF00E260D4 /* XCRemoteSwiftPackageReference "Alamofire" */,
			);
			productRefGroup = DB6EE1172437B51000E260D4 /* Products */;
			projectDirPath = "";
			projectRoot = "";
			targets = (
				DB6EE1152437B51000E260D4 /* RockDevApp */,
				DB6EE12B2437B51600E260D4 /* RockDevAppTests */,
				DB6EE1362437B51600E260D4 /* RockDevAppUITests */,
			);
		};
/* End PBXProject section */

/* Begin PBXResourcesBuildPhase section */
		DB6EE1142437B51000E260D4 /* Resources */ = {
			isa = PBXResourcesBuildPhase;
			buildActionMask = 2147483647;
			files = (
				DB6EE1262437B51600E260D4 /* LaunchScreen.storyboard in Resources */,
				DB6EE1232437B51600E260D4 /* Assets.xcassets in Resources */,
				DB6EE1212437B51000E260D4 /* Main.storyboard in Resources */,
				DBBA1330243912B000835897 /* Home.storyboard in Resources */,
			);
			runOnlyForDeploymentPostprocessing = 0;
		};
		DB6EE12A2437B51600E260D4 /* Resources */ = {
			isa = PBXResourcesBuildPhase;
			buildActionMask = 2147483647;
			files = (
			);
			runOnlyForDeploymentPostprocessing = 0;
		};
		DB6EE1352437B51600E260D4 /* Resources */ = {
			isa = PBXResourcesBuildPhase;
			buildActionMask = 2147483647;
			files = (
			);
			runOnlyForDeploymentPostprocessing = 0;
		};
/* End PBXResourcesBuildPhase section */

/* Begin PBXShellScriptBuildPhase section */
		7F9A191CE00435D2D3672F79 /* [CP] Check Pods Manifest.lock */ = {
			isa = PBXShellScriptBuildPhase;
			buildActionMask = 2147483647;
			files = (
			);
			inputFileListPaths = (
			);
			inputPaths = (
				"${PODS_PODFILE_DIR_PATH}/Podfile.lock",
				"${PODS_ROOT}/Manifest.lock",
			);
			name = "[CP] Check Pods Manifest.lock";
			outputFileListPaths = (
			);
			outputPaths = (
				"$(DERIVED_FILE_DIR)/Pods-RockDevApp-checkManifestLockResult.txt",
			);
			runOnlyForDeploymentPostprocessing = 0;
			shellPath = /bin/sh;
			shellScript = "diff \"${PODS_PODFILE_DIR_PATH}/Podfile.lock\" \"${PODS_ROOT}/Manifest.lock\" > /dev/null\nif [ $? != 0 ] ; then\n    # print error to STDERR\n    echo \"error: The sandbox is not in sync with the Podfile.lock. Run 'pod install' or update your CocoaPods installation.\" >&2\n    exit 1\nfi\n# This output is used by Xcode 'outputs' to avoid re-running this script phase.\necho \"SUCCESS\" > \"${SCRIPT_OUTPUT_FILE_0}\"\n";
			showEnvVarsInLog = 0;
		};
		87C24E791D2DA7DBA360B4E9 /* [CP] Embed Pods Frameworks */ = {
			isa = PBXShellScriptBuildPhase;
			buildActionMask = 2147483647;
			files = (
			);
			inputFileListPaths = (
				"${PODS_ROOT}/Target Support Files/Pods-RockDevApp/Pods-RockDevApp-frameworks-${CONFIGURATION}-input-files.xcfilelist",
			);
			name = "[CP] Embed Pods Frameworks";
			outputFileListPaths = (
				"${PODS_ROOT}/Target Support Files/Pods-RockDevApp/Pods-RockDevApp-frameworks-${CONFIGURATION}-output-files.xcfilelist",
			);
			runOnlyForDeploymentPostprocessing = 0;
			shellPath = /bin/sh;
			shellScript = "\"${PODS_ROOT}/Target Support Files/Pods-RockDevApp/Pods-RockDevApp-frameworks.sh\"\n";
			showEnvVarsInLog = 0;
		};
/* End PBXShellScriptBuildPhase section */

/* Begin PBXSourcesBuildPhase section */
		DB6EE1122437B51000E260D4 /* Sources */ = {
			isa = PBXSourcesBuildPhase;
			buildActionMask = 2147483647;
			files = (
				DBBA132C24390DC700835897 /* ValidateFuncions.swift in Sources */,
				DBE3014F244AB94900EA889A /* ChartsViewController.swift in Sources */,
				DB26364B2437D24000656476 /* LoginViewController.swift in Sources */,
				DB6EE11E2437B51000E260D4 /* ViewController.swift in Sources */,
				DB225036243C089A00806310 /* DataModel.xcdatamodeld in Sources */,
				DBBF9DD924395D4A00CA14B5 /* MapViewController.swift in Sources */,
				DBF314232446C55000EECDF8 /* WaterMarkViewController.swift in Sources */,
				DB26364D2437D28B00656476 /* SingUpViewController.swift in Sources */,
				DBBA132E2439119200835897 /* PublicFunctions.swift in Sources */,
				DBBA134024391A1000835897 /* SlideInTransition.swift in Sources */,
				DBBA133E2439156C00835897 /* SingleUsrModel.swift in Sources */,
				DBBA13382439141600835897 /* ErrorModel.swift in Sources */,
				DBBA133C2439155400835897 /* UsersModel.swift in Sources */,
				DB66997B24391BFC0008415E /* ProfileViewController.swift in Sources */,
				DBBA13282439091300835897 /* Colors.swift in Sources */,
				DB22503A243C1D8400806310 /* logUserImageViewController.swift in Sources */,
				DB66997924391BD70008415E /* UserTableViewCell.swift in Sources */,
				DBBA1326243908F300835897 /* Styles.swift in Sources */,
				DBBA134224391A5000835897 /* MenuViewController.swift in Sources */,
				DBBA1333243912FE00835897 /* HomeViewController.swift in Sources */,
				DBBA1336243913FB00835897 /* RegisterModel.swift in Sources */,
				DBBA132A24390CB200835897 /* KeyBoardDissmis.swift in Sources */,
				DB6EE11A2437B51000E260D4 /* AppDelegate.swift in Sources */,
				DB225038243C08FC00806310 /* DataBaseHelper.swift in Sources */,
				DB6EE11C2437B51000E260D4 /* SceneDelegate.swift in Sources */,
			);
			runOnlyForDeploymentPostprocessing = 0;
		};
		DB6EE1282437B51600E260D4 /* Sources */ = {
			isa = PBXSourcesBuildPhase;
			buildActionMask = 2147483647;
			files = (
				DB6EE1312437B51600E260D4 /* RockDevAppTests.swift in Sources */,
			);
			runOnlyForDeploymentPostprocessing = 0;
		};
		DB6EE1332437B51600E260D4 /* Sources */ = {
			isa = PBXSourcesBuildPhase;
			buildActionMask = 2147483647;
			files = (
				DB6EE13C2437B51600E260D4 /* RockDevAppUITests.swift in Sources */,
			);
			runOnlyForDeploymentPostprocessing = 0;
		};
/* End PBXSourcesBuildPhase section */

/* Begin PBXTargetDependency section */
		DB6EE12E2437B51600E260D4 /* PBXTargetDependency */ = {
			isa = PBXTargetDependency;
			target = DB6EE1152437B51000E260D4 /* RockDevApp */;
			targetProxy = DB6EE12D2437B51600E260D4 /* PBXContainerItemProxy */;
		};
		DB6EE1392437B51600E260D4 /* PBXTargetDependency */ = {
			isa = PBXTargetDependency;
			target = DB6EE1152437B51000E260D4 /* RockDevApp */;
			targetProxy = DB6EE1382437B51600E260D4 /* PBXContainerItemProxy */;
		};
/* End PBXTargetDependency section */

/* Begin PBXVariantGroup section */
		DB6EE11F2437B51000E260D4 /* Main.storyboard */ = {
			isa = PBXVariantGroup;
			children = (
				DB6EE1202437B51000E260D4 /* Base */,
			);
			name = Main.storyboard;
			sourceTree = "<group>";
		};
		DB6EE1242437B51600E260D4 /* LaunchScreen.storyboard */ = {
			isa = PBXVariantGroup;
			children = (
				DB6EE1252437B51600E260D4 /* Base */,
			);
			name = LaunchScreen.storyboard;
			sourceTree = "<group>";
		};
/* End PBXVariantGroup section */

/* Begin XCBuildConfiguration section */
		DB6EE13E2437B51600E260D4 /* Debug */ = {
			isa = XCBuildConfiguration;
			buildSettings = {
				ALWAYS_SEARCH_USER_PATHS = NO;
				CLANG_ANALYZER_NONNULL = YES;
				CLANG_ANALYZER_NUMBER_OBJECT_CONVERSION = YES_AGGRESSIVE;
				CLANG_CXX_LANGUAGE_STANDARD = "gnu++14";
				CLANG_CXX_LIBRARY = "libc++";
				CLANG_ENABLE_MODULES = YES;
				CLANG_ENABLE_OBJC_ARC = YES;
				CLANG_ENABLE_OBJC_WEAK = YES;
				CLANG_WARN_BLOCK_CAPTURE_AUTORELEASING = YES;
				CLANG_WARN_BOOL_CONVERSION = YES;
				CLANG_WARN_COMMA = YES;
				CLANG_WARN_CONSTANT_CONVERSION = YES;
				CLANG_WARN_DEPRECATED_OBJC_IMPLEMENTATIONS = YES;
				CLANG_WARN_DIRECT_OBJC_ISA_USAGE = YES_ERROR;
				CLANG_WARN_DOCUMENTATION_COMMENTS = YES;
				CLANG_WARN_EMPTY_BODY = YES;
				CLANG_WARN_ENUM_CONVERSION = YES;
				CLANG_WARN_INFINITE_RECURSION = YES;
				CLANG_WARN_INT_CONVERSION = YES;
				CLANG_WARN_NON_LITERAL_NULL_CONVERSION = YES;
				CLANG_WARN_OBJC_IMPLICIT_RETAIN_SELF = YES;
				CLANG_WARN_OBJC_LITERAL_CONVERSION = YES;
				CLANG_WARN_OBJC_ROOT_CLASS = YES_ERROR;
				CLANG_WARN_RANGE_LOOP_ANALYSIS = YES;
				CLANG_WARN_STRICT_PROTOTYPES = YES;
				CLANG_WARN_SUSPICIOUS_MOVE = YES;
				CLANG_WARN_UNGUARDED_AVAILABILITY = YES_AGGRESSIVE;
				CLANG_WARN_UNREACHABLE_CODE = YES;
				CLANG_WARN__DUPLICATE_METHOD_MATCH = YES;
				COPY_PHASE_STRIP = NO;
				DEBUG_INFORMATION_FORMAT = dwarf;
				ENABLE_STRICT_OBJC_MSGSEND = YES;
				ENABLE_TESTABILITY = YES;
				GCC_C_LANGUAGE_STANDARD = gnu11;
				GCC_DYNAMIC_NO_PIC = NO;
				GCC_NO_COMMON_BLOCKS = YES;
				GCC_OPTIMIZATION_LEVEL = 0;
				GCC_PREPROCESSOR_DEFINITIONS = (
					"DEBUG=1",
					"$(inherited)",
				);
				GCC_WARN_64_TO_32_BIT_CONVERSION = YES;
				GCC_WARN_ABOUT_RETURN_TYPE = YES_ERROR;
				GCC_WARN_UNDECLARED_SELECTOR = YES;
				GCC_WARN_UNINITIALIZED_AUTOS = YES_AGGRESSIVE;
				GCC_WARN_UNUSED_FUNCTION = YES;
				GCC_WARN_UNUSED_VARIABLE = YES;
				IPHONEOS_DEPLOYMENT_TARGET = 13.0;
				MTL_ENABLE_DEBUG_INFO = INCLUDE_SOURCE;
				MTL_FAST_MATH = YES;
				ONLY_ACTIVE_ARCH = YES;
				SDKROOT = iphoneos;
				SWIFT_ACTIVE_COMPILATION_CONDITIONS = DEBUG;
				SWIFT_OPTIMIZATION_LEVEL = "-Onone";
			};
			name = Debug;
		};
		DB6EE13F2437B51600E260D4 /* Release */ = {
			isa = XCBuildConfiguration;
			buildSettings = {
				ALWAYS_SEARCH_USER_PATHS = NO;
				CLANG_ANALYZER_NONNULL = YES;
				CLANG_ANALYZER_NUMBER_OBJECT_CONVERSION = YES_AGGRESSIVE;
				CLANG_CXX_LANGUAGE_STANDARD = "gnu++14";
				CLANG_CXX_LIBRARY = "libc++";
				CLANG_ENABLE_MODULES = YES;
				CLANG_ENABLE_OBJC_ARC = YES;
				CLANG_ENABLE_OBJC_WEAK = YES;
				CLANG_WARN_BLOCK_CAPTURE_AUTORELEASING = YES;
				CLANG_WARN_BOOL_CONVERSION = YES;
				CLANG_WARN_COMMA = YES;
				CLANG_WARN_CONSTANT_CONVERSION = YES;
				CLANG_WARN_DEPRECATED_OBJC_IMPLEMENTATIONS = YES;
				CLANG_WARN_DIRECT_OBJC_ISA_USAGE = YES_ERROR;
				CLANG_WARN_DOCUMENTATION_COMMENTS = YES;
				CLANG_WARN_EMPTY_BODY = YES;
				CLANG_WARN_ENUM_CONVERSION = YES;
				CLANG_WARN_INFINITE_RECURSION = YES;
				CLANG_WARN_INT_CONVERSION = YES;
				CLANG_WARN_NON_LITERAL_NULL_CONVERSION = YES;
				CLANG_WARN_OBJC_IMPLICIT_RETAIN_SELF = YES;
				CLANG_WARN_OBJC_LITERAL_CONVERSION = YES;
				CLANG_WARN_OBJC_ROOT_CLASS = YES_ERROR;
				CLANG_WARN_RANGE_LOOP_ANALYSIS = YES;
				CLANG_WARN_STRICT_PROTOTYPES = YES;
				CLANG_WARN_SUSPICIOUS_MOVE = YES;
				CLANG_WARN_UNGUARDED_AVAILABILITY = YES_AGGRESSIVE;
				CLANG_WARN_UNREACHABLE_CODE = YES;
				CLANG_WARN__DUPLICATE_METHOD_MATCH = YES;
				COPY_PHASE_STRIP = NO;
				DEBUG_INFORMATION_FORMAT = "dwarf-with-dsym";
				ENABLE_NS_ASSERTIONS = NO;
				ENABLE_STRICT_OBJC_MSGSEND = YES;
				GCC_C_LANGUAGE_STANDARD = gnu11;
				GCC_NO_COMMON_BLOCKS = YES;
				GCC_WARN_64_TO_32_BIT_CONVERSION = YES;
				GCC_WARN_ABOUT_RETURN_TYPE = YES_ERROR;
				GCC_WARN_UNDECLARED_SELECTOR = YES;
				GCC_WARN_UNINITIALIZED_AUTOS = YES_AGGRESSIVE;
				GCC_WARN_UNUSED_FUNCTION = YES;
				GCC_WARN_UNUSED_VARIABLE = YES;
				IPHONEOS_DEPLOYMENT_TARGET = 13.0;
				MTL_ENABLE_DEBUG_INFO = NO;
				MTL_FAST_MATH = YES;
				SDKROOT = iphoneos;
				SWIFT_COMPILATION_MODE = wholemodule;
				SWIFT_OPTIMIZATION_LEVEL = "-O";
				VALIDATE_PRODUCT = YES;
			};
			name = Release;
		};
		DB6EE1412437B51600E260D4 /* Debug */ = {
			isa = XCBuildConfiguration;
			baseConfigurationReference = BA4B41204E8D75CDF18BE2E1 /* Pods-RockDevApp.debug.xcconfig */;
			buildSettings = {
				ASSETCATALOG_COMPILER_APPICON_NAME = AppIcon;
				CODE_SIGN_STYLE = Automatic;
				DEVELOPMENT_TEAM = 8VUPJLK9PY;
				INFOPLIST_FILE = RockDevApp/Info.plist;
				LD_RUNPATH_SEARCH_PATHS = (
					"$(inherited)",
					"@executable_path/Frameworks",
				);
				PRODUCT_BUNDLE_IDENTIFIER = com.cesar.RockDevApp;
				PRODUCT_NAME = "$(TARGET_NAME)";
				SWIFT_VERSION = 5.0;
				TARGETED_DEVICE_FAMILY = "1,2";
			};
			name = Debug;
		};
		DB6EE1422437B51600E260D4 /* Release */ = {
			isa = XCBuildConfiguration;
			baseConfigurationReference = B6018A6FF0019EB09D7846C7 /* Pods-RockDevApp.release.xcconfig */;
			buildSettings = {
				ASSETCATALOG_COMPILER_APPICON_NAME = AppIcon;
				CODE_SIGN_STYLE = Automatic;
				DEVELOPMENT_TEAM = 8VUPJLK9PY;
				INFOPLIST_FILE = RockDevApp/Info.plist;
				LD_RUNPATH_SEARCH_PATHS = (
					"$(inherited)",
					"@executable_path/Frameworks",
				);
				PRODUCT_BUNDLE_IDENTIFIER = com.cesar.RockDevApp;
				PRODUCT_NAME = "$(TARGET_NAME)";
				SWIFT_VERSION = 5.0;
				TARGETED_DEVICE_FAMILY = "1,2";
			};
			name = Release;
		};
		DB6EE1442437B51600E260D4 /* Debug */ = {
			isa = XCBuildConfiguration;
			buildSettings = {
				ALWAYS_EMBED_SWIFT_STANDARD_LIBRARIES = YES;
				BUNDLE_LOADER = "$(TEST_HOST)";
				CODE_SIGN_STYLE = Automatic;
				DEVELOPMENT_TEAM = 8VUPJLK9PY;
				INFOPLIST_FILE = RockDevAppTests/Info.plist;
				IPHONEOS_DEPLOYMENT_TARGET = 13.2;
				LD_RUNPATH_SEARCH_PATHS = (
					"$(inherited)",
					"@executable_path/Frameworks",
					"@loader_path/Frameworks",
				);
				PRODUCT_BUNDLE_IDENTIFIER = com.cesar.RockDevAppTests;
				PRODUCT_NAME = "$(TARGET_NAME)";
				SWIFT_VERSION = 5.0;
				TARGETED_DEVICE_FAMILY = "1,2";
				TEST_HOST = "$(BUILT_PRODUCTS_DIR)/RockDevApp.app/RockDevApp";
			};
			name = Debug;
		};
		DB6EE1452437B51600E260D4 /* Release */ = {
			isa = XCBuildConfiguration;
			buildSettings = {
				ALWAYS_EMBED_SWIFT_STANDARD_LIBRARIES = YES;
				BUNDLE_LOADER = "$(TEST_HOST)";
				CODE_SIGN_STYLE = Automatic;
				DEVELOPMENT_TEAM = 8VUPJLK9PY;
				INFOPLIST_FILE = RockDevAppTests/Info.plist;
				IPHONEOS_DEPLOYMENT_TARGET = 13.2;
				LD_RUNPATH_SEARCH_PATHS = (
					"$(inherited)",
					"@executable_path/Frameworks",
					"@loader_path/Frameworks",
				);
				PRODUCT_BUNDLE_IDENTIFIER = com.cesar.RockDevAppTests;
				PRODUCT_NAME = "$(TARGET_NAME)";
				SWIFT_VERSION = 5.0;
				TARGETED_DEVICE_FAMILY = "1,2";
				TEST_HOST = "$(BUILT_PRODUCTS_DIR)/RockDevApp.app/RockDevApp";
			};
			name = Release;
		};
		DB6EE1472437B51600E260D4 /* Debug */ = {
			isa = XCBuildConfiguration;
			buildSettings = {
				ALWAYS_EMBED_SWIFT_STANDARD_LIBRARIES = YES;
				CODE_SIGN_STYLE = Automatic;
				DEVELOPMENT_TEAM = 8VUPJLK9PY;
				INFOPLIST_FILE = RockDevAppUITests/Info.plist;
				LD_RUNPATH_SEARCH_PATHS = (
					"$(inherited)",
					"@executable_path/Frameworks",
					"@loader_path/Frameworks",
				);
				PRODUCT_BUNDLE_IDENTIFIER = com.cesar.RockDevAppUITests;
				PRODUCT_NAME = "$(TARGET_NAME)";
				SWIFT_VERSION = 5.0;
				TARGETED_DEVICE_FAMILY = "1,2";
				TEST_TARGET_NAME = RockDevApp;
			};
			name = Debug;
		};
		DB6EE1482437B51600E260D4 /* Release */ = {
			isa = XCBuildConfiguration;
			buildSettings = {
				ALWAYS_EMBED_SWIFT_STANDARD_LIBRARIES = YES;
				CODE_SIGN_STYLE = Automatic;
				DEVELOPMENT_TEAM = 8VUPJLK9PY;
				INFOPLIST_FILE = RockDevAppUITests/Info.plist;
				LD_RUNPATH_SEARCH_PATHS = (
					"$(inherited)",
					"@executable_path/Frameworks",
					"@loader_path/Frameworks",
				);
				PRODUCT_BUNDLE_IDENTIFIER = com.cesar.RockDevAppUITests;
				PRODUCT_NAME = "$(TARGET_NAME)";
				SWIFT_VERSION = 5.0;
				TARGETED_DEVICE_FAMILY = "1,2";
				TEST_TARGET_NAME = RockDevApp;
			};
			name = Release;
		};
/* End XCBuildConfiguration section */

/* Begin XCConfigurationList section */
		DB6EE1112437B51000E260D4 /* Build configuration list for PBXProject "RockDevApp" */ = {
			isa = XCConfigurationList;
			buildConfigurations = (
				DB6EE13E2437B51600E260D4 /* Debug */,
				DB6EE13F2437B51600E260D4 /* Release */,
			);
			defaultConfigurationIsVisible = 0;
			defaultConfigurationName = Release;
		};
		DB6EE1402437B51600E260D4 /* Build configuration list for PBXNativeTarget "RockDevApp" */ = {
			isa = XCConfigurationList;
			buildConfigurations = (
				DB6EE1412437B51600E260D4 /* Debug */,
				DB6EE1422437B51600E260D4 /* Release */,
			);
			defaultConfigurationIsVisible = 0;
			defaultConfigurationName = Release;
		};
		DB6EE1432437B51600E260D4 /* Build configuration list for PBXNativeTarget "RockDevAppTests" */ = {
			isa = XCConfigurationList;
			buildConfigurations = (
				DB6EE1442437B51600E260D4 /* Debug */,
				DB6EE1452437B51600E260D4 /* Release */,
			);
			defaultConfigurationIsVisible = 0;
			defaultConfigurationName = Release;
		};
		DB6EE1462437B51600E260D4 /* Build configuration list for PBXNativeTarget "RockDevAppUITests" */ = {
			isa = XCConfigurationList;
			buildConfigurations = (
				DB6EE1472437B51600E260D4 /* Debug */,
				DB6EE1482437B51600E260D4 /* Release */,
			);
			defaultConfigurationIsVisible = 0;
			defaultConfigurationName = Release;
		};
/* End XCConfigurationList section */

/* Begin XCRemoteSwiftPackageReference section */
		DB6EE1492437B6CF00E260D4 /* XCRemoteSwiftPackageReference "Alamofire" */ = {
			isa = XCRemoteSwiftPackageReference;
			repositoryURL = "https://github.com/Alamofire/Alamofire";
			requirement = {
				kind = upToNextMajorVersion;
				minimumVersion = 5.0.5;
			};
		};
/* End XCRemoteSwiftPackageReference section */

/* Begin XCSwiftPackageProductDependency section */
		DB6EE14A2437B6CF00E260D4 /* Alamofire */ = {
			isa = XCSwiftPackageProductDependency;
			package = DB6EE1492437B6CF00E260D4 /* XCRemoteSwiftPackageReference "Alamofire" */;
			productName = Alamofire;
		};
/* End XCSwiftPackageProductDependency section */

/* Begin XCVersionGroup section */
		DB225034243C089A00806310 /* DataModel.xcdatamodeld */ = {
			isa = XCVersionGroup;
			children = (
				DB225035243C089A00806310 /* DataModel.xcdatamodel */,
			);
			currentVersion = DB225035243C089A00806310 /* DataModel.xcdatamodel */;
			path = DataModel.xcdatamodeld;
			sourceTree = "<group>";
			versionGroupType = wrapper.xcdatamodel;
		};
/* End XCVersionGroup section */
	};
	rootObject = DB6EE10E2437B51000E260D4 /* Project object */;
}
